
Microsoft Visual Studio Solution File, Format Version 11.00
# Visual Studio 2010
Project("{FAE04EC0-301F-11D3-BF4B-00C04F79EFBC}") = "Unity.2D.PixelPerfect.Tests", "Unity.2D.PixelPerfect.Tests.csproj", "{75EC9C5B-058A-442F-A519-B4C81F5F59BD}"
EndProject
Project("{FAE04EC0-301F-11D3-BF4B-00C04F79EFBC}") = "UnityEngine.TestRunner", "UnityEngine.TestRunner.csproj", "{2196D756-1B89-B3A7-2C93-EF2F82255EB2}"
EndProject
Project("{FAE04EC0-301F-11D3-BF4B-00C04F79EFBC}") = "Unity.Mathematics", "Unity.Mathematics.csproj", "{DD05959C-BBF3-1CFD-B66E-6D04DD83B04D}"
EndProject
Project("{FAE04EC0-301F-11D3-BF4B-00C04F79EFBC}") = "Unity.2D.Animation.Triangle.Runtime", "Unity.2D.Animation.Triangle.Runtime.csproj", "{6D7D01E3-A5A8-A330-59C0-63CEA09A227A}"
EndProject
Project("{FAE04EC0-301F-11D3-BF4B-00C04F79EFBC}") = "UnityEngine.UI.Tests", "UnityEngine.UI.Tests.csproj", "{CA9FBB6A-8156-6504-F437-5B95FC69E295}"
EndProject
Project("{FAE04EC0-301F-11D3-BF4B-00C04F79EFBC}") = "Unity.Timeline", "Unity.Timeline.csproj", "{167E0DE5-3040-5ABB-251A-54D3A7399D00}"
EndProject
Project("{FAE04EC0-301F-11D3-BF4B-00C04F79EFBC}") = "UnityEngine.UI", "UnityEngine.UI.csproj", "{83042937-5A67-D0B9-7F1E-8B378FC57313}"
EndProject
Project("{FAE04EC0-301F-11D3-BF4B-00C04F79EFBC}") = "Unity.TextMeshPro", "Unity.TextMeshPro.csproj", "{E60B0D8A-2C01-BE90-E026-3A01C15CE3E0}"
EndProject
Project("{FAE04EC0-301F-11D3-BF4B-00C04F79EFBC}") = "Unity.2D.Animation.Runtime", "Unity.2D.Animation.Runtime.csproj", "{5FA05923-5CB4-BDEC-6D23-2D7FC277B71C}"
EndProject
Project("{FAE04EC0-301F-11D3-BF4B-00C04F79EFBC}") = "Unity.2D.IK.Runtime", "Unity.2D.IK.Runtime.csproj", "{52D0592B-3DCD-FDD4-C53D-74635365AF05}"
EndProject
Project("{FAE04EC0-301F-11D3-BF4B-00C04F79EFBC}") = "Unity.2D.SpriteShape.Runtime", "Unity.2D.SpriteShape.Runtime.csproj", "{3F42B2E5-9ED0-2ED0-FCB2-32D5FA8C1C23}"
EndProject
Project("{FAE04EC0-301F-11D3-BF4B-00C04F79EFBC}") = "Unity.2D.PixelPerfect", "Unity.2D.PixelPerfect.csproj", "{92BC9FC3-767F-A610-BC16-9FA8DBFC0C59}"
EndProject
Project("{FAE04EC0-301F-11D3-BF4B-00C04F79EFBC}") = "Unity.2D.Common.Runtime", "Unity.2D.Common.Runtime.csproj", "{7FAB0A78-7DB4-C95B-A959-D0838EA64CA6}"
EndProject
Project("{FAE04EC0-301F-11D3-BF4B-00C04F79EFBC}") = "Unity.TextMeshPro.Tests", "Unity.TextMeshPro.Tests.csproj", "{1BAE4CFF-FEA9-2F86-1E53-131FD192BD2C}"
EndProject
Project("{FAE04EC0-301F-11D3-BF4B-00C04F79EFBC}") = "Unity.InternalAPIEngineBridge.001", "Unity.InternalAPIEngineBridge.001.csproj", "{4A70F4DF-557E-7307-A75E-34A41F536A0F}"
EndProject
Project("{FAE04EC0-301F-11D3-BF4B-00C04F79EFBC}") = "UnityEditor.TestRunner", "UnityEditor.TestRunner.csproj", "{0BAB04A0-BC9A-5CFB-8A5F-725090548BD2}"
EndProject
Project("{FAE04EC0-301F-11D3-BF4B-00C04F79EFBC}") = "Unity.PlasticSCM.Editor", "Unity.PlasticSCM.Editor.csproj", "{39015865-620B-9A68-0583-BBE998329030}"
EndProject
Project("{FAE04EC0-301F-11D3-BF4B-00C04F79EFBC}") = "UnityEditor.UI", "UnityEditor.UI.csproj", "{8BE9A86C-3DC7-CD35-D850-A2C0210ED106}"
EndProject
Project("{FAE04EC0-301F-11D3-BF4B-00C04F79EFBC}") = "Unity.Timeline.Editor", "Unity.Timeline.Editor.csproj", "{DAD23199-D6E2-062C-8BD6-BD9D027D674D}"
EndProject
Project("{FAE04EC0-301F-11D3-BF4B-00C04F79EFBC}") = "Unity.VisualStudio.Editor", "Unity.VisualStudio.Editor.csproj", "{243521AB-E170-09DB-EFB6-4F9E8CECC660}"
EndProject
Project("{FAE04EC0-301F-11D3-BF4B-00C04F79EFBC}") = "Unity.2D.Psdimporter.Editor", "Unity.2D.Psdimporter.Editor.csproj", "{42760C39-BB0C-8D41-2B0B-0E834B6F889B}"
EndProject
Project("{FAE04EC0-301F-11D3-BF4B-00C04F79EFBC}") = "Unity.2D.Animation.Editor", "Unity.2D.Animation.Editor.csproj", "{A556DDD9-2177-B80B-88B6-C003F3B11A91}"
EndProject
Project("{FAE04EC0-301F-11D3-BF4B-00C04F79EFBC}") = "Unity.TextMeshPro.Editor", "Unity.TextMeshPro.Editor.csproj", "{7448D61A-D064-16D3-CA65-ECD4219AE3F4}"
EndProject
Project("{FAE04EC0-301F-11D3-BF4B-00C04F79EFBC}") = "Unity.2D.SpriteShape.Editor", "Unity.2D.SpriteShape.Editor.csproj", "{0FA94A31-80D3-CF30-2DA7-43433D9FA658}"
EndProject
Project("{FAE04EC0-301F-11D3-BF4B-00C04F79EFBC}") = "Unity.CollabProxy.Editor", "Unity.CollabProxy.Editor.csproj", "{40204ED0-9E36-745D-5A89-E83E4E67B3EC}"
EndProject
Project("{FAE04EC0-301F-11D3-BF4B-00C04F79EFBC}") = "PsdPlugin", "PsdPlugin.csproj", "{E37A5536-BF00-5D27-0E78-A71350082CE9}"
EndProject
Project("{FAE04EC0-301F-11D3-BF4B-00C04F79EFBC}") = "DocCodeExamples", "DocCodeExamples.csproj", "{3C51C963-D952-63D6-40FB-9FF022155999}"
EndProject
Project("{FAE04EC0-301F-11D3-BF4B-00C04F79EFBC}") = "Unity.2D.Path.Editor", "Unity.2D.Path.Editor.csproj", "{8BDA0E29-3E17-35A1-3888-BF7A05D46100}"
EndProject
Project("{FAE04EC0-301F-11D3-BF4B-00C04F79EFBC}") = "Unity.Mathematics.Tests", "Unity.Mathematics.Tests.csproj", "{4529CB9F-0D40-BA80-BED5-7066366A0D5F}"
EndProject
Project("{FAE04EC0-301F-11D3-BF4B-00C04F79EFBC}") = "Unity.PlasticSCM.EditorTests", "Unity.PlasticSCM.EditorTests.csproj", "{467B5FE2-BC51-4DCC-8F79-68BB8BF3923E}"
EndProject
Project("{FAE04EC0-301F-11D3-BF4B-00C04F79EFBC}") = "Unity.Rider.Editor", "Unity.Rider.Editor.csproj", "{34865CBF-229F-AE5D-5321-97830496F942}"
EndProject
Project("{FAE04EC0-301F-11D3-BF4B-00C04F79EFBC}") = "UnityEditor.UI.EditorTests", "UnityEditor.UI.EditorTests.csproj", "{B32C8312-AD4C-C217-B7F9-E6E5A6DB9BC9}"
EndProject
Project("{FAE04EC0-301F-11D3-BF4B-00C04F79EFBC}") = "Unity.CollabProxy.EditorTests", "Unity.CollabProxy.EditorTests.csproj", "{D5AA8045-95E2-8D62-FF3C-10B3F32BA930}"
EndProject
Project("{FAE04EC0-301F-11D3-BF4B-00C04F79EFBC}") = "Unity.2D.IK.Editor", "Unity.2D.IK.Editor.csproj", "{48D8A7EB-E571-3C9C-7075-524997D5DCBF}"
EndProject
Project("{FAE04EC0-301F-11D3-BF4B-00C04F79EFBC}") = "Unity.2D.SpriteShape.EditorTests", "Unity.2D.SpriteShape.EditorTests.csproj", "{3A6A28BB-04FF-2C1C-BD05-62352CB8664F}"
EndProject
Project("{FAE04EC0-301F-11D3-BF4B-00C04F79EFBC}") = "Unity.2D.Sprite.Editor", "Unity.2D.Sprite.Editor.csproj", "{5DEFAFA5-0657-D7C6-6F5B-E12C273789E8}"
EndProject
Project("{FAE04EC0-301F-11D3-BF4B-00C04F79EFBC}") = "Unity.2D.Tilemap.Editor", "Unity.2D.Tilemap.Editor.csproj", "{842610F3-0903-5A4A-1D64-50C11698787C}"
EndProject
Project("{FAE04EC0-301F-11D3-BF4B-00C04F79EFBC}") = "Unity.2D.PixelPerfect.Editor", "Unity.2D.PixelPerfect.Editor.csproj", "{BF3B1824-0F44-C08D-6238-6387FFAFC478}"
EndProject
Project("{FAE04EC0-301F-11D3-BF4B-00C04F79EFBC}") = "Unity.VSCode.Editor", "Unity.VSCode.Editor.csproj", "{E6F894B1-6C37-939C-9239-FD9B4A8BFD28}"
EndProject
Project("{FAE04EC0-301F-11D3-BF4B-00C04F79EFBC}") = "Unity.2D.Common.Editor", "Unity.2D.Common.Editor.csproj", "{A1EDABD0-072B-70C0-DABC-45496BB11860}"
EndProject
Project("{FAE04EC0-301F-11D3-BF4B-00C04F79EFBC}") = "Unity.Mathematics.Editor", "Unity.Mathematics.Editor.csproj", "{376275F9-356B-B922-3824-63F1CA8D8F81}"
EndProject
Project("{FAE04EC0-301F-11D3-BF4B-00C04F79EFBC}") = "Unity.2D.PixelPerfect.Editor.Tests", "Unity.2D.PixelPerfect.Editor.Tests.csproj", "{DCCEA95F-BED7-E3FA-CBFF-ED1DB44A119C}"
EndProject
Project("{FAE04EC0-301F-11D3-BF4B-00C04F79EFBC}") = "Unity.2D.Common.EditorTests", "Unity.2D.Common.EditorTests.csproj", "{D76A7995-0103-9280-8C58-B2E9C885232B}"
EndProject
Project("{FAE04EC0-301F-11D3-BF4B-00C04F79EFBC}") = "Unity.2D.Path.Tests", "Unity.2D.Path.Tests.csproj", "{7CF858B7-3CD8-07A9-438B-8248E1EAEAE2}"
EndProject
Project("{FAE04EC0-301F-11D3-BF4B-00C04F79EFBC}") = "Unity.InternalAPIEditorBridge.001", "Unity.InternalAPIEditorBridge.001.csproj", "{8FB4749B-F771-FDFF-86AB-E40F163BFF1B}"
EndProject
Project("{FAE04EC0-301F-11D3-BF4B-00C04F79EFBC}") = "Unity.2D.Tilemap.Package.EditorTests", "Unity.2D.Tilemap.Package.EditorTests.csproj", "{B4ED272D-9E6F-141C-BCC4-7B0E8A864095}"
EndProject
Project("{FAE04EC0-301F-11D3-BF4B-00C04F79EFBC}") = "Unity.2D.Psdimporter.EditorTests", "Unity.2D.Psdimporter.EditorTests.csproj", "{B15718A0-9C50-E35E-BD12-6674B0ECE45B}"
EndProject
Project("{FAE04EC0-301F-11D3-BF4B-00C04F79EFBC}") = "Unity.2D.Sprite.Package.EditorTests", "Unity.2D.Sprite.Package.EditorTests.csproj", "{E7F6DF2C-08A4-E89C-2132-FD9103B0390C}"
EndProject
Project("{FAE04EC0-301F-11D3-BF4B-00C04F79EFBC}") = "Unity.TextMeshPro.Editor.Tests", "Unity.TextMeshPro.Editor.Tests.csproj", "{EB8A05C1-F8BD-08D3-A572-5661289D5EDF}"
EndProject
Project("{FAE04EC0-301F-11D3-BF4B-00C04F79EFBC}") = "Unity.2D.Animation.EditorTests", "Unity.2D.Animation.EditorTests.csproj", "{6D14B7A9-E985-8AF4-AF2F-6E8419E23CB2}"
EndProject
Global
	GlobalSection(SolutionConfigurationPlatforms) = preSolution
		Debug|Any CPU = Debug|Any CPU
		Release|Any CPU = Release|Any CPU
	EndGlobalSection
	GlobalSection(ProjectConfigurationPlatforms) = postSolution
		{75EC9C5B-058A-442F-A519-B4C81F5F59BD}.Debug|Any CPU.ActiveCfg = Debug|Any CPU
		{75EC9C5B-058A-442F-A519-B4C81F5F59BD}.Debug|Any CPU.Build.0 = Debug|Any CPU
		{75EC9C5B-058A-442F-A519-B4C81F5F59BD}.Release|Any CPU.ActiveCfg = Release|Any CPU
		{75EC9C5B-058A-442F-A519-B4C81F5F59BD}.Release|Any CPU.Build.0 = Release|Any CPU
		{2196D756-1B89-B3A7-2C93-EF2F82255EB2}.Debug|Any CPU.ActiveCfg = Debug|Any CPU
		{2196D756-1B89-B3A7-2C93-EF2F82255EB2}.Debug|Any CPU.Build.0 = Debug|Any CPU
		{2196D756-1B89-B3A7-2C93-EF2F82255EB2}.Release|Any CPU.ActiveCfg = Release|Any CPU
		{2196D756-1B89-B3A7-2C93-EF2F82255EB2}.Release|Any CPU.Build.0 = Release|Any CPU
		{DD05959C-BBF3-1CFD-B66E-6D04DD83B04D}.Debug|Any CPU.ActiveCfg = Debug|Any CPU
		{DD05959C-BBF3-1CFD-B66E-6D04DD83B04D}.Debug|Any CPU.Build.0 = Debug|Any CPU
		{DD05959C-BBF3-1CFD-B66E-6D04DD83B04D}.Release|Any CPU.ActiveCfg = Release|Any CPU
		{DD05959C-BBF3-1CFD-B66E-6D04DD83B04D}.Release|Any CPU.Build.0 = Release|Any CPU
		{6D7D01E3-A5A8-A330-59C0-63CEA09A227A}.Debug|Any CPU.ActiveCfg = Debug|Any CPU
		{6D7D01E3-A5A8-A330-59C0-63CEA09A227A}.Debug|Any CPU.Build.0 = Debug|Any CPU
		{6D7D01E3-A5A8-A330-59C0-63CEA09A227A}.Release|Any CPU.ActiveCfg = Release|Any CPU
		{6D7D01E3-A5A8-A330-59C0-63CEA09A227A}.Release|Any CPU.Build.0 = Release|Any CPU
		{CA9FBB6A-8156-6504-F437-5B95FC69E295}.Debug|Any CPU.ActiveCfg = Debug|Any CPU
		{CA9FBB6A-8156-6504-F437-5B95FC69E295}.Debug|Any CPU.Build.0 = Debug|Any CPU
		{CA9FBB6A-8156-6504-F437-5B95FC69E295}.Release|Any CPU.ActiveCfg = Release|Any CPU
		{CA9FBB6A-8156-6504-F437-5B95FC69E295}.Release|Any CPU.Build.0 = Release|Any CPU
		{167E0DE5-3040-5ABB-251A-54D3A7399D00}.Debug|Any CPU.ActiveCfg = Debug|Any CPU
		{167E0DE5-3040-5ABB-251A-54D3A7399D00}.Debug|Any CPU.Build.0 = Debug|Any CPU
		{167E0DE5-3040-5ABB-251A-54D3A7399D00}.Release|Any CPU.ActiveCfg = Release|Any CPU
		{167E0DE5-3040-5ABB-251A-54D3A7399D00}.Release|Any CPU.Build.0 = Release|Any CPU
		{83042937-5A67-D0B9-7F1E-8B378FC57313}.Debug|Any CPU.ActiveCfg = Debug|Any CPU
		{83042937-5A67-D0B9-7F1E-8B378FC57313}.Debug|Any CPU.Build.0 = Debug|Any CPU
		{83042937-5A67-D0B9-7F1E-8B378FC57313}.Release|Any CPU.ActiveCfg = Release|Any CPU
		{83042937-5A67-D0B9-7F1E-8B378FC57313}.Release|Any CPU.Build.0 = Release|Any CPU
		{E60B0D8A-2C01-BE90-E026-3A01C15CE3E0}.Debug|Any CPU.ActiveCfg = Debug|Any CPU
		{E60B0D8A-2C01-BE90-E026-3A01C15CE3E0}.Debug|Any CPU.Build.0 = Debug|Any CPU
		{E60B0D8A-2C01-BE90-E026-3A01C15CE3E0}.Release|Any CPU.ActiveCfg = Release|Any CPU
		{E60B0D8A-2C01-BE90-E026-3A01C15CE3E0}.Release|Any CPU.Build.0 = Release|Any CPU
		{5FA05923-5CB4-BDEC-6D23-2D7FC277B71C}.Debug|Any CPU.ActiveCfg = Debug|Any CPU
		{5FA05923-5CB4-BDEC-6D23-2D7FC277B71C}.Debug|Any CPU.Build.0 = Debug|Any CPU
		{5FA05923-5CB4-BDEC-6D23-2D7FC277B71C}.Release|Any CPU.ActiveCfg = Release|Any CPU
		{5FA05923-5CB4-BDEC-6D23-2D7FC277B71C}.Release|Any CPU.Build.0 = Release|Any CPU
		{52D0592B-3DCD-FDD4-C53D-74635365AF05}.Debug|Any CPU.ActiveCfg = Debug|Any CPU
		{52D0592B-3DCD-FDD4-C53D-74635365AF05}.Debug|Any CPU.Build.0 = Debug|Any CPU
		{52D0592B-3DCD-FDD4-C53D-74635365AF05}.Release|Any CPU.ActiveCfg = Release|Any CPU
		{52D0592B-3DCD-FDD4-C53D-74635365AF05}.Release|Any CPU.Build.0 = Release|Any CPU
		{3F42B2E5-9ED0-2ED0-FCB2-32D5FA8C1C23}.Debug|Any CPU.ActiveCfg = Debug|Any CPU
		{3F42B2E5-9ED0-2ED0-FCB2-32D5FA8C1C23}.Debug|Any CPU.Build.0 = Debug|Any CPU
		{3F42B2E5-9ED0-2ED0-FCB2-32D5FA8C1C23}.Release|Any CPU.ActiveCfg = Release|Any CPU
		{3F42B2E5-9ED0-2ED0-FCB2-32D5FA8C1C23}.Release|Any CPU.Build.0 = Release|Any CPU
		{92BC9FC3-767F-A610-BC16-9FA8DBFC0C59}.Debug|Any CPU.ActiveCfg = Debug|Any CPU
		{92BC9FC3-767F-A610-BC16-9FA8DBFC0C59}.Debug|Any CPU.Build.0 = Debug|Any CPU
		{92BC9FC3-767F-A610-BC16-9FA8DBFC0C59}.Release|Any CPU.ActiveCfg = Release|Any CPU
		{92BC9FC3-767F-A610-BC16-9FA8DBFC0C59}.Release|Any CPU.Build.0 = Release|Any CPU
		{7FAB0A78-7DB4-C95B-A959-D0838EA64CA6}.Debug|Any CPU.ActiveCfg = Debug|Any CPU
		{7FAB0A78-7DB4-C95B-A959-D0838EA64CA6}.Debug|Any CPU.Build.0 = Debug|Any CPU
		{7FAB0A78-7DB4-C95B-A959-D0838EA64CA6}.Release|Any CPU.ActiveCfg = Release|Any CPU
		{7FAB0A78-7DB4-C95B-A959-D0838EA64CA6}.Release|Any CPU.Build.0 = Release|Any CPU
		{1BAE4CFF-FEA9-2F86-1E53-131FD192BD2C}.Debug|Any CPU.ActiveCfg = Debug|Any CPU
		{1BAE4CFF-FEA9-2F86-1E53-131FD192BD2C}.Debug|Any CPU.Build.0 = Debug|Any CPU
		{1BAE4CFF-FEA9-2F86-1E53-131FD192BD2C}.Release|Any CPU.ActiveCfg = Release|Any CPU
		{1BAE4CFF-FEA9-2F86-1E53-131FD192BD2C}.Release|Any CPU.Build.0 = Release|Any CPU
		{4A70F4DF-557E-7307-A75E-34A41F536A0F}.Debug|Any CPU.ActiveCfg = Debug|Any CPU
		{4A70F4DF-557E-7307-A75E-34A41F536A0F}.Debug|Any CPU.Build.0 = Debug|Any CPU
		{4A70F4DF-557E-7307-A75E-34A41F536A0F}.Release|Any CPU.ActiveCfg = Release|Any CPU
		{4A70F4DF-557E-7307-A75E-34A41F536A0F}.Release|Any CPU.Build.0 = Release|Any CPU
		{0BAB04A0-BC9A-5CFB-8A5F-725090548BD2}.Debug|Any CPU.ActiveCfg = Debug|Any CPU
		{0BAB04A0-BC9A-5CFB-8A5F-725090548BD2}.Debug|Any CPU.Build.0 = Debug|Any CPU
		{0BAB04A0-BC9A-5CFB-8A5F-725090548BD2}.Release|Any CPU.ActiveCfg = Release|Any CPU
		{0BAB04A0-BC9A-5CFB-8A5F-725090548BD2}.Release|Any CPU.Build.0 = Release|Any CPU
		{39015865-620B-9A68-0583-BBE998329030}.Debug|Any CPU.ActiveCfg = Debug|Any CPU
		{39015865-620B-9A68-0583-BBE998329030}.Debug|Any CPU.Build.0 = Debug|Any CPU
		{39015865-620B-9A68-0583-BBE998329030}.Release|Any CPU.ActiveCfg = Release|Any CPU
		{39015865-620B-9A68-0583-BBE998329030}.Release|Any CPU.Build.0 = Release|Any CPU
		{8BE9A86C-3DC7-CD35-D850-A2C0210ED106}.Debug|Any CPU.ActiveCfg = Debug|Any CPU
		{8BE9A86C-3DC7-CD35-D850-A2C0210ED106}.Debug|Any CPU.Build.0 = Debug|Any CPU
		{8BE9A86C-3DC7-CD35-D850-A2C0210ED106}.Release|Any CPU.ActiveCfg = Release|Any CPU
		{8BE9A86C-3DC7-CD35-D850-A2C0210ED106}.Release|Any CPU.Build.0 = Release|Any CPU
		{DAD23199-D6E2-062C-8BD6-BD9D027D674D}.Debug|Any CPU.ActiveCfg = Debug|Any CPU
		{DAD23199-D6E2-062C-8BD6-BD9D027D674D}.Debug|Any CPU.Build.0 = Debug|Any CPU
		{DAD23199-D6E2-062C-8BD6-BD9D027D674D}.Release|Any CPU.ActiveCfg = Release|Any CPU
		{DAD23199-D6E2-062C-8BD6-BD9D027D674D}.Release|Any CPU.Build.0 = Release|Any CPU
		{243521AB-E170-09DB-EFB6-4F9E8CECC660}.Debug|Any CPU.ActiveCfg = Debug|Any CPU
		{243521AB-E170-09DB-EFB6-4F9E8CECC660}.Debug|Any CPU.Build.0 = Debug|Any CPU
		{243521AB-E170-09DB-EFB6-4F9E8CECC660}.Release|Any CPU.ActiveCfg = Release|Any CPU
		{243521AB-E170-09DB-EFB6-4F9E8CECC660}.Release|Any CPU.Build.0 = Release|Any CPU
		{42760C39-BB0C-8D41-2B0B-0E834B6F889B}.Debug|Any CPU.ActiveCfg = Debug|Any CPU
		{42760C39-BB0C-8D41-2B0B-0E834B6F889B}.Debug|Any CPU.Build.0 = Debug|Any CPU
		{42760C39-BB0C-8D41-2B0B-0E834B6F889B}.Release|Any CPU.ActiveCfg = Release|Any CPU
		{42760C39-BB0C-8D41-2B0B-0E834B6F889B}.Release|Any CPU.Build.0 = Release|Any CPU
		{A556DDD9-2177-B80B-88B6-C003F3B11A91}.Debug|Any CPU.ActiveCfg = Debug|Any CPU
		{A556DDD9-2177-B80B-88B6-C003F3B11A91}.Debug|Any CPU.Build.0 = Debug|Any CPU
		{A556DDD9-2177-B80B-88B6-C003F3B11A91}.Release|Any CPU.ActiveCfg = Release|Any CPU
		{A556DDD9-2177-B80B-88B6-C003F3B11A91}.Release|Any CPU.Build.0 = Release|Any CPU
		{7448D61A-D064-16D3-CA65-ECD4219AE3F4}.Debug|Any CPU.ActiveCfg = Debug|Any CPU
		{7448D61A-D064-16D3-CA65-ECD4219AE3F4}.Debug|Any CPU.Build.0 = Debug|Any CPU
		{7448D61A-D064-16D3-CA65-ECD4219AE3F4}.Release|Any CPU.ActiveCfg = Release|Any CPU
		{7448D61A-D064-16D3-CA65-ECD4219AE3F4}.Release|Any CPU.Build.0 = Release|Any CPU
		{0FA94A31-80D3-CF30-2DA7-43433D9FA658}.Debug|Any CPU.ActiveCfg = Debug|Any CPU
		{0FA94A31-80D3-CF30-2DA7-43433D9FA658}.Debug|Any CPU.Build.0 = Debug|Any CPU
		{0FA94A31-80D3-CF30-2DA7-43433D9FA658}.Release|Any CPU.ActiveCfg = Release|Any CPU
		{0FA94A31-80D3-CF30-2DA7-43433D9FA658}.Release|Any CPU.Build.0 = Release|Any CPU
		{40204ED0-9E36-745D-5A89-E83E4E67B3EC}.Debug|Any CPU.ActiveCfg = Debug|Any CPU
		{40204ED0-9E36-745D-5A89-E83E4E67B3EC}.Debug|Any CPU.Build.0 = Debug|Any CPU
		{40204ED0-9E36-745D-5A89-E83E4E67B3EC}.Release|Any CPU.ActiveCfg = Release|Any CPU
		{40204ED0-9E36-745D-5A89-E83E4E67B3EC}.Release|Any CPU.Build.0 = Release|Any CPU
		{E37A5536-BF00-5D27-0E78-A71350082CE9}.Debug|Any CPU.ActiveCfg = Debug|Any CPU
		{E37A5536-BF00-5D27-0E78-A71350082CE9}.Debug|Any CPU.Build.0 = Debug|Any CPU
		{E37A5536-BF00-5D27-0E78-A71350082CE9}.Release|Any CPU.ActiveCfg = Release|Any CPU
		{E37A5536-BF00-5D27-0E78-A71350082CE9}.Release|Any CPU.Build.0 = Release|Any CPU
		{3C51C963-D952-63D6-40FB-9FF022155999}.Debug|Any CPU.ActiveCfg = Debug|Any CPU
		{3C51C963-D952-63D6-40FB-9FF022155999}.Debug|Any CPU.Build.0 = Debug|Any CPU
		{3C51C963-D952-63D6-40FB-9FF022155999}.Release|Any CPU.ActiveCfg = Release|Any CPU
		{3C51C963-D952-63D6-40FB-9FF022155999}.Release|Any CPU.Build.0 = Release|Any CPU
		{8BDA0E29-3E17-35A1-3888-BF7A05D46100}.Debug|Any CPU.ActiveCfg = Debug|Any CPU
		{8BDA0E29-3E17-35A1-3888-BF7A05D46100}.Debug|Any CPU.Build.0 = Debug|Any CPU
		{8BDA0E29-3E17-35A1-3888-BF7A05D46100}.Release|Any CPU.ActiveCfg = Release|Any CPU
		{8BDA0E29-3E17-35A1-3888-BF7A05D46100}.Release|Any CPU.Build.0 = Release|Any CPU
		{4529CB9F-0D40-BA80-BED5-7066366A0D5F}.Debug|Any CPU.ActiveCfg = Debug|Any CPU
		{4529CB9F-0D40-BA80-BED5-7066366A0D5F}.Debug|Any CPU.Build.0 = Debug|Any CPU
		{4529CB9F-0D40-BA80-BED5-7066366A0D5F}.Release|Any CPU.ActiveCfg = Release|Any CPU
		{4529CB9F-0D40-BA80-BED5-7066366A0D5F}.Release|Any CPU.Build.0 = Release|Any CPU
		{467B5FE2-BC51-4DCC-8F79-68BB8BF3923E}.Debug|Any CPU.ActiveCfg = Debug|Any CPU
		{467B5FE2-BC51-4DCC-8F79-68BB8BF3923E}.Debug|Any CPU.Build.0 = Debug|Any CPU
		{467B5FE2-BC51-4DCC-8F79-68BB8BF3923E}.Release|Any CPU.ActiveCfg = Release|Any CPU
		{467B5FE2-BC51-4DCC-8F79-68BB8BF3923E}.Release|Any CPU.Build.0 = Release|Any CPU
		{34865CBF-229F-AE5D-5321-97830496F942}.Debug|Any CPU.ActiveCfg = Debug|Any CPU
		{34865CBF-229F-AE5D-5321-97830496F942}.Debug|Any CPU.Build.0 = Debug|Any CPU
		{34865CBF-229F-AE5D-5321-97830496F942}.Release|Any CPU.ActiveCfg = Release|Any CPU
		{34865CBF-229F-AE5D-5321-97830496F942}.Release|Any CPU.Build.0 = Release|Any CPU
		{B32C8312-AD4C-C217-B7F9-E6E5A6DB9BC9}.Debug|Any CPU.ActiveCfg = Debug|Any CPU
		{B32C8312-AD4C-C217-B7F9-E6E5A6DB9BC9}.Debug|Any CPU.Build.0 = Debug|Any CPU
		{B32C8312-AD4C-C217-B7F9-E6E5A6DB9BC9}.Release|Any CPU.ActiveCfg = Release|Any CPU
		{B32C8312-AD4C-C217-B7F9-E6E5A6DB9BC9}.Release|Any CPU.Build.0 = Release|Any CPU
		{D5AA8045-95E2-8D62-FF3C-10B3F32BA930}.Debug|Any CPU.ActiveCfg = Debug|Any CPU
		{D5AA8045-95E2-8D62-FF3C-10B3F32BA930}.Debug|Any CPU.Build.0 = Debug|Any CPU
		{D5AA8045-95E2-8D62-FF3C-10B3F32BA930}.Release|Any CPU.ActiveCfg = Release|Any CPU
		{D5AA8045-95E2-8D62-FF3C-10B3F32BA930}.Release|Any CPU.Build.0 = Release|Any CPU
		{48D8A7EB-E571-3C9C-7075-524997D5DCBF}.Debug|Any CPU.ActiveCfg = Debug|Any CPU
		{48D8A7EB-E571-3C9C-7075-524997D5DCBF}.Debug|Any CPU.Build.0 = Debug|Any CPU
		{48D8A7EB-E571-3C9C-7075-524997D5DCBF}.Release|Any CPU.ActiveCfg = Release|Any CPU
		{48D8A7EB-E571-3C9C-7075-524997D5DCBF}.Release|Any CPU.Build.0 = Release|Any CPU
		{3A6A28BB-04FF-2C1C-BD05-62352CB8664F}.Debug|Any CPU.ActiveCfg = Debug|Any CPU
		{3A6A28BB-04FF-2C1C-BD05-62352CB8664F}.Debug|Any CPU.Build.0 = Debug|Any CPU
		{3A6A28BB-04FF-2C1C-BD05-62352CB8664F}.Release|Any CPU.ActiveCfg = Release|Any CPU
		{3A6A28BB-04FF-2C1C-BD05-62352CB8664F}.Release|Any CPU.Build.0 = Release|Any CPU
		{5DEFAFA5-0657-D7C6-6F5B-E12C273789E8}.Debug|Any CPU.ActiveCfg = Debug|Any CPU
		{5DEFAFA5-0657-D7C6-6F5B-E12C273789E8}.Debug|Any CPU.Build.0 = Debug|Any CPU
		{5DEFAFA5-0657-D7C6-6F5B-E12C273789E8}.Release|Any CPU.ActiveCfg = Release|Any CPU
		{5DEFAFA5-0657-D7C6-6F5B-E12C273789E8}.Release|Any CPU.Build.0 = Release|Any CPU
		{842610F3-0903-5A4A-1D64-50C11698787C}.Debug|Any CPU.ActiveCfg = Debug|Any CPU
		{842610F3-0903-5A4A-1D64-50C11698787C}.Debug|Any CPU.Build.0 = Debug|Any CPU
		{842610F3-0903-5A4A-1D64-50C11698787C}.Release|Any CPU.ActiveCfg = Release|Any CPU
		{842610F3-0903-5A4A-1D64-50C11698787C}.Release|Any CPU.Build.0 = Release|Any CPU
		{BF3B1824-0F44-C08D-6238-6387FFAFC478}.Debug|Any CPU.ActiveCfg = Debug|Any CPU
		{BF3B1824-0F44-C08D-6238-6387FFAFC478}.Debug|Any CPU.Build.0 = Debug|Any CPU
		{BF3B1824-0F44-C08D-6238-6387FFAFC478}.Release|Any CPU.ActiveCfg = Release|Any CPU
		{BF3B1824-0F44-C08D-6238-6387FFAFC478}.Release|Any CPU.Build.0 = Release|Any CPU
		{E6F894B1-6C37-939C-9239-FD9B4A8BFD28}.Debug|Any CPU.ActiveCfg = Debug|Any CPU
		{E6F894B1-6C37-939C-9239-FD9B4A8BFD28}.Debug|Any CPU.Build.0 = Debug|Any CPU
		{E6F894B1-6C37-939C-9239-FD9B4A8BFD28}.Release|Any CPU.ActiveCfg = Release|Any CPU
		{E6F894B1-6C37-939C-9239-FD9B4A8BFD28}.Release|Any CPU.Build.0 = Release|Any CPU
		{A1EDABD0-072B-70C0-DABC-45496BB11860}.Debug|Any CPU.ActiveCfg = Debug|Any CPU
		{A1EDABD0-072B-70C0-DABC-45496BB11860}.Debug|Any CPU.Build.0 = Debug|Any CPU
		{A1EDABD0-072B-70C0-DABC-45496BB11860}.Release|Any CPU.ActiveCfg = Release|Any CPU
		{A1EDABD0-072B-70C0-DABC-45496BB11860}.Release|Any CPU.Build.0 = Release|Any CPU
		{376275F9-356B-B922-3824-63F1CA8D8F81}.Debug|Any CPU.ActiveCfg = Debug|Any CPU
		{376275F9-356B-B922-3824-63F1CA8D8F81}.Debug|Any CPU.Build.0 = Debug|Any CPU
		{376275F9-356B-B922-3824-63F1CA8D8F81}.Release|Any CPU.ActiveCfg = Release|Any CPU
		{376275F9-356B-B922-3824-63F1CA8D8F81}.Release|Any CPU.Build.0 = Release|Any CPU
		{DCCEA95F-BED7-E3FA-CBFF-ED1DB44A119C}.Debug|Any CPU.ActiveCfg = Debug|Any CPU
		{DCCEA95F-BED7-E3FA-CBFF-ED1DB44A119C}.Debug|Any CPU.Build.0 = Debug|Any CPU
		{DCCEA95F-BED7-E3FA-CBFF-ED1DB44A119C}.Release|Any CPU.ActiveCfg = Release|Any CPU
		{DCCEA95F-BED7-E3FA-CBFF-ED1DB44A119C}.Release|Any CPU.Build.0 = Release|Any CPU
		{D76A7995-0103-9280-8C58-B2E9C885232B}.Debug|Any CPU.ActiveCfg = Debug|Any CPU
		{D76A7995-0103-9280-8C58-B2E9C885232B}.Debug|Any CPU.Build.0 = Debug|Any CPU
		{D76A7995-0103-9280-8C58-B2E9C885232B}.Release|Any CPU.ActiveCfg = Release|Any CPU
		{D76A7995-0103-9280-8C58-B2E9C885232B}.Release|Any CPU.Build.0 = Release|Any CPU
		{7CF858B7-3CD8-07A9-438B-8248E1EAEAE2}.Debug|Any CPU.ActiveCfg = Debug|Any CPU
		{7CF858B7-3CD8-07A9-438B-8248E1EAEAE2}.Debug|Any CPU.Build.0 = Debug|Any CPU
		{7CF858B7-3CD8-07A9-438B-8248E1EAEAE2}.Release|Any CPU.ActiveCfg = Release|Any CPU
		{7CF858B7-3CD8-07A9-438B-8248E1EAEAE2}.Release|Any CPU.Build.0 = Release|Any CPU
		{8FB4749B-F771-FDFF-86AB-E40F163BFF1B}.Debug|Any CPU.ActiveCfg = Debug|Any CPU
		{8FB4749B-F771-FDFF-86AB-E40F163BFF1B}.Debug|Any CPU.Build.0 = Debug|Any CPU
		{8FB4749B-F771-FDFF-86AB-E40F163BFF1B}.Release|Any CPU.ActiveCfg = Release|Any CPU
		{8FB4749B-F771-FDFF-86AB-E40F163BFF1B}.Release|Any CPU.Build.0 = Release|Any CPU
		{B4ED272D-9E6F-141C-BCC4-7B0E8A864095}.Debug|Any CPU.ActiveCfg = Debug|Any CPU
		{B4ED272D-9E6F-141C-BCC4-7B0E8A864095}.Debug|Any CPU.Build.0 = Debug|Any CPU
		{B4ED272D-9E6F-141C-BCC4-7B0E8A864095}.Release|Any CPU.ActiveCfg = Release|Any CPU
		{B4ED272D-9E6F-141C-BCC4-7B0E8A864095}.Release|Any CPU.Build.0 = Release|Any CPU
		{B15718A0-9C50-E35E-BD12-6674B0ECE45B}.Debug|Any CPU.ActiveCfg = Debug|Any CPU
		{B15718A0-9C50-E35E-BD12-6674B0ECE45B}.Debug|Any CPU.Build.0 = Debug|Any CPU
		{B15718A0-9C50-E35E-BD12-6674B0ECE45B}.Release|Any CPU.ActiveCfg = Release|Any CPU
		{B15718A0-9C50-E35E-BD12-6674B0ECE45B}.Release|Any CPU.Build.0 = Release|Any CPU
		{E7F6DF2C-08A4-E89C-2132-FD9103B0390C}.Debug|Any CPU.ActiveCfg = Debug|Any CPU
		{E7F6DF2C-08A4-E89C-2132-FD9103B0390C}.Debug|Any CPU.Build.0 = Debug|Any CPU
		{E7F6DF2C-08A4-E89C-2132-FD9103B0390C}.Release|Any CPU.ActiveCfg = Release|Any CPU
		{E7F6DF2C-08A4-E89C-2132-FD9103B0390C}.Release|Any CPU.Build.0 = Release|Any CPU
		{EB8A05C1-F8BD-08D3-A572-5661289D5EDF}.Debug|Any CPU.ActiveCfg = Debug|Any CPU
		{EB8A05C1-F8BD-08D3-A572-5661289D5EDF}.Debug|Any CPU.Build.0 = Debug|Any CPU
		{EB8A05C1-F8BD-08D3-A572-5661289D5EDF}.Release|Any CPU.ActiveCfg = Release|Any CPU
		{EB8A05C1-F8BD-08D3-A572-5661289D5EDF}.Release|Any CPU.Build.0 = Release|Any CPU
		{6D14B7A9-E985-8AF4-AF2F-6E8419E23CB2}.Debug|Any CPU.ActiveCfg = Debug|Any CPU
		{6D14B7A9-E985-8AF4-AF2F-6E8419E23CB2}.Debug|Any CPU.Build.0 = Debug|Any CPU
		{6D14B7A9-E985-8AF4-AF2F-6E8419E23CB2}.Release|Any CPU.ActiveCfg = Release|Any CPU
		{6D14B7A9-E985-8AF4-AF2F-6E8419E23CB2}.Release|Any CPU.Build.0 = Release|Any CPU
	EndGlobalSection
	GlobalSection(SolutionProperties) = preSolution
		HideSolutionNode = FALSE
	EndGlobalSection
EndGlobal
